
Microsoft Visual Studio Solution File, Format Version 12.00
# Visual Studio Version 17
VisualStudioVersion = 17.14.36414.22 d17.14
MinimumVisualStudioVersion = 10.0.40219.1
Project("{FAE04EC0-301F-11D3-BF4B-00C04F79EFBC}") = "ViajesAPI", "ViajesAPI.csproj", "{1C9A16EE-8CAC-419E-A3D7-A5C5E48F1FF9}"
EndProject
Global
	GlobalSection(SolutionConfigurationPlatforms) = preSolution
		Debug|Any CPU = Debug|Any CPU
		Release|Any CPU = Release|Any CPU
	EndGlobalSection
	GlobalSection(ProjectConfigurationPlatforms) = postSolution
		{1C9A16EE-8CAC-419E-A3D7-A5C5E48F1FF9}.Debug|Any CPU.ActiveCfg = Debug|Any CPU
		{1C9A16EE-8CAC-419E-A3D7-A5C5E48F1FF9}.Debug|Any CPU.Build.0 = Debug|Any CPU
		{1C9A16EE-8CAC-419E-A3D7-A5C5E48F1FF9}.Release|Any CPU.ActiveCfg = Release|Any CPU
		{1C9A16EE-8CAC-419E-A3D7-A5C5E48F1FF9}.Release|Any CPU.Build.0 = Release|Any CPU
	EndGlobalSection
	GlobalSection(SolutionProperties) = preSolution
		HideSolutionNode = FALSE
	EndGlobalSection
	GlobalSection(ExtensibilityGlobals) = postSolution
		SolutionGuid = {B68D00DB-7BBD-4943-A25D-4B706B410CEA}
	EndGlobalSection
EndGlobal
